
Microsoft Visual Studio Solution File, Format Version 12.00
# Visual Studio 14
VisualStudioVersion = 14.0.25420.1
MinimumVisualStudioVersion = 10.0.40219.1
Project("{8BC9CEB8-8B4A-11D0-8D11-00A0C91BC942}") = "prj01", "prj01\prj01.vcxproj", "{A17502FF-6E9F-48B1-811E-C588715BF395}"
EndProject
Project("{8BC9CEB8-8B4A-11D0-8D11-00A0C91BC942}") = "Lab10-1", "Lab10-1\Lab10-1.vcxproj", "{26B06577-D634-4A9F-9919-C78D0C998302}"
EndProject
Project("{8BC9CEB8-8B4A-11D0-8D11-00A0C91BC942}") = "prj02", "prj02\prj02.vcxproj", "{D765CBC5-9CBA-41F1-B98B-BE1E6B4B56E6}"
EndProject
Project("{8BC9CEB8-8B4A-11D0-8D11-00A0C91BC942}") = "prj03", "prj03\prj03.vcxproj", "{4900E8B2-BE10-43FE-9139-AB399BFE1FC5}"
EndProject
Project("{8BC9CEB8-8B4A-11D0-8D11-00A0C91BC942}") = "prj04", "prj04\prj04.vcxproj", "{026F5F1D-1AB0-4CF0-8B44-2BEBA3600FB3}"
EndProject
Project("{8BC9CEB8-8B4A-11D0-8D11-00A0C91BC942}") = "Lab10-2", "Lab10-2\Lab10-2.vcxproj", "{99E4771F-3D77-4175-A602-34E9C0E2F9CA}"
EndProject
Project("{8BC9CEB8-8B4A-11D0-8D11-00A0C91BC942}") = "prj05", "prj05\prj05.vcxproj", "{0495312F-27D2-4191-BF0B-AA721FC85F44}"
EndProject
Project("{8BC9CEB8-8B4A-11D0-8D11-00A0C91BC942}") = "prj06", "prj06\prj06.vcxproj", "{45C097C2-50F0-4EBC-846B-726542950A2E}"
EndProject
Project("{8BC9CEB8-8B4A-11D0-8D11-00A0C91BC942}") = "prj07", "prj07\prj07.vcxproj", "{CFF65502-EA5F-4B19-B20A-26DEFB92D34C}"
EndProject
Project("{8BC9CEB8-8B4A-11D0-8D11-00A0C91BC942}") = "prj08", "prj08\prj08.vcxproj", "{1DBA628F-DDAA-48F0-AF0C-AE5DE2DFDED6}"
EndProject
Project("{8BC9CEB8-8B4A-11D0-8D11-00A0C91BC942}") = "prj09", "prj09\prj09.vcxproj", "{27547C14-5413-4DF4-98F6-C4FE406A8414}"
EndProject
Project("{8BC9CEB8-8B4A-11D0-8D11-00A0C91BC942}") = "Lab10-3", "Lab10-3\Lab10-3.vcxproj", "{57B09803-BC45-4748-BA36-E9D3055FE133}"
EndProject
Global
	GlobalSection(SolutionConfigurationPlatforms) = preSolution
		Debug|x64 = Debug|x64
		Debug|x86 = Debug|x86
		Release|x64 = Release|x64
		Release|x86 = Release|x86
	EndGlobalSection
	GlobalSection(ProjectConfigurationPlatforms) = postSolution
		{A17502FF-6E9F-48B1-811E-C588715BF395}.Debug|x64.ActiveCfg = Debug|x64
		{A17502FF-6E9F-48B1-811E-C588715BF395}.Debug|x64.Build.0 = Debug|x64
		{A17502FF-6E9F-48B1-811E-C588715BF395}.Debug|x86.ActiveCfg = Debug|Win32
		{A17502FF-6E9F-48B1-811E-C588715BF395}.Debug|x86.Build.0 = Debug|Win32
		{A17502FF-6E9F-48B1-811E-C588715BF395}.Release|x64.ActiveCfg = Release|x64
		{A17502FF-6E9F-48B1-811E-C588715BF395}.Release|x64.Build.0 = Release|x64
		{A17502FF-6E9F-48B1-811E-C588715BF395}.Release|x86.ActiveCfg = Release|Win32
		{A17502FF-6E9F-48B1-811E-C588715BF395}.Release|x86.Build.0 = Release|Win32
		{26B06577-D634-4A9F-9919-C78D0C998302}.Debug|x64.ActiveCfg = Debug|x64
		{26B06577-D634-4A9F-9919-C78D0C998302}.Debug|x64.Build.0 = Debug|x64
		{26B06577-D634-4A9F-9919-C78D0C998302}.Debug|x86.ActiveCfg = Debug|Win32
		{26B06577-D634-4A9F-9919-C78D0C998302}.Debug|x86.Build.0 = Debug|Win32
		{26B06577-D634-4A9F-9919-C78D0C998302}.Release|x64.ActiveCfg = Release|x64
		{26B06577-D634-4A9F-9919-C78D0C998302}.Release|x64.Build.0 = Release|x64
		{26B06577-D634-4A9F-9919-C78D0C998302}.Release|x86.ActiveCfg = Release|Win32
		{26B06577-D634-4A9F-9919-C78D0C998302}.Release|x86.Build.0 = Release|Win32
		{D765CBC5-9CBA-41F1-B98B-BE1E6B4B56E6}.Debug|x64.ActiveCfg = Debug|x64
		{D765CBC5-9CBA-41F1-B98B-BE1E6B4B56E6}.Debug|x64.Build.0 = Debug|x64
		{D765CBC5-9CBA-41F1-B98B-BE1E6B4B56E6}.Debug|x86.ActiveCfg = Debug|Win32
		{D765CBC5-9CBA-41F1-B98B-BE1E6B4B56E6}.Debug|x86.Build.0 = Debug|Win32
		{D765CBC5-9CBA-41F1-B98B-BE1E6B4B56E6}.Release|x64.ActiveCfg = Release|x64
		{D765CBC5-9CBA-41F1-B98B-BE1E6B4B56E6}.Release|x64.Build.0 = Release|x64
		{D765CBC5-9CBA-41F1-B98B-BE1E6B4B56E6}.Release|x86.ActiveCfg = Release|Win32
		{D765CBC5-9CBA-41F1-B98B-BE1E6B4B56E6}.Release|x86.Build.0 = Release|Win32
		{4900E8B2-BE10-43FE-9139-AB399BFE1FC5}.Debug|x64.ActiveCfg = Debug|x64
		{4900E8B2-BE10-43FE-9139-AB399BFE1FC5}.Debug|x64.Build.0 = Debug|x64
		{4900E8B2-BE10-43FE-9139-AB399BFE1FC5}.Debug|x86.ActiveCfg = Debug|Win32
		{4900E8B2-BE10-43FE-9139-AB399BFE1FC5}.Debug|x86.Build.0 = Debug|Win32
		{4900E8B2-BE10-43FE-9139-AB399BFE1FC5}.Release|x64.ActiveCfg = Release|x64
		{4900E8B2-BE10-43FE-9139-AB399BFE1FC5}.Release|x64.Build.0 = Release|x64
		{4900E8B2-BE10-43FE-9139-AB399BFE1FC5}.Release|x86.ActiveCfg = Release|Win32
		{4900E8B2-BE10-43FE-9139-AB399BFE1FC5}.Release|x86.Build.0 = Release|Win32
		{026F5F1D-1AB0-4CF0-8B44-2BEBA3600FB3}.Debug|x64.ActiveCfg = Debug|x64
		{026F5F1D-1AB0-4CF0-8B44-2BEBA3600FB3}.Debug|x64.Build.0 = Debug|x64
		{026F5F1D-1AB0-4CF0-8B44-2BEBA3600FB3}.Debug|x86.ActiveCfg = Debug|Win32
		{026F5F1D-1AB0-4CF0-8B44-2BEBA3600FB3}.Debug|x86.Build.0 = Debug|Win32
		{026F5F1D-1AB0-4CF0-8B44-2BEBA3600FB3}.Release|x64.ActiveCfg = Release|x64
		{026F5F1D-1AB0-4CF0-8B44-2BEBA3600FB3}.Release|x64.Build.0 = Release|x64
		{026F5F1D-1AB0-4CF0-8B44-2BEBA3600FB3}.Release|x86.ActiveCfg = Release|Win32
		{026F5F1D-1AB0-4CF0-8B44-2BEBA3600FB3}.Release|x86.Build.0 = Release|Win32
		{99E4771F-3D77-4175-A602-34E9C0E2F9CA}.Debug|x64.ActiveCfg = Debug|x64
		{99E4771F-3D77-4175-A602-34E9C0E2F9CA}.Debug|x64.Build.0 = Debug|x64
		{99E4771F-3D77-4175-A602-34E9C0E2F9CA}.Debug|x86.ActiveCfg = Debug|Win32
		{99E4771F-3D77-4175-A602-34E9C0E2F9CA}.Debug|x86.Build.0 = Debug|Win32
		{99E4771F-3D77-4175-A602-34E9C0E2F9CA}.Release|x64.ActiveCfg = Release|x64
		{99E4771F-3D77-4175-A602-34E9C0E2F9CA}.Release|x64.Build.0 = Release|x64
		{99E4771F-3D77-4175-A602-34E9C0E2F9CA}.Release|x86.ActiveCfg = Release|Win32
		{99E4771F-3D77-4175-A602-34E9C0E2F9CA}.Release|x86.Build.0 = Release|Win32
		{0495312F-27D2-4191-BF0B-AA721FC85F44}.Debug|x64.ActiveCfg = Debug|x64
		{0495312F-27D2-4191-BF0B-AA721FC85F44}.Debug|x64.Build.0 = Debug|x64
		{0495312F-27D2-4191-BF0B-AA721FC85F44}.Debug|x86.ActiveCfg = Debug|Win32
		{0495312F-27D2-4191-BF0B-AA721FC85F44}.Debug|x86.Build.0 = Debug|Win32
		{0495312F-27D2-4191-BF0B-AA721FC85F44}.Release|x64.ActiveCfg = Release|x64
		{0495312F-27D2-4191-BF0B-AA721FC85F44}.Release|x64.Build.0 = Release|x64
		{0495312F-27D2-4191-BF0B-AA721FC85F44}.Release|x86.ActiveCfg = Release|Win32
		{0495312F-27D2-4191-BF0B-AA721FC85F44}.Release|x86.Build.0 = Release|Win32
		{45C097C2-50F0-4EBC-846B-726542950A2E}.Debug|x64.ActiveCfg = Debug|x64
		{45C097C2-50F0-4EBC-846B-726542950A2E}.Debug|x64.Build.0 = Debug|x64
		{45C097C2-50F0-4EBC-846B-726542950A2E}.Debug|x86.ActiveCfg = Debug|Win32
		{45C097C2-50F0-4EBC-846B-726542950A2E}.Debug|x86.Build.0 = Debug|Win32
		{45C097C2-50F0-4EBC-846B-726542950A2E}.Release|x64.ActiveCfg = Release|x64
		{45C097C2-50F0-4EBC-846B-726542950A2E}.Release|x64.Build.0 = Release|x64
		{45C097C2-50F0-4EBC-846B-726542950A2E}.Release|x86.ActiveCfg = Release|Win32
		{45C097C2-50F0-4EBC-846B-726542950A2E}.Release|x86.Build.0 = Release|Win32
		{CFF65502-EA5F-4B19-B20A-26DEFB92D34C}.Debug|x64.ActiveCfg = Debug|x64
		{CFF65502-EA5F-4B19-B20A-26DEFB92D34C}.Debug|x64.Build.0 = Debug|x64
		{CFF65502-EA5F-4B19-B20A-26DEFB92D34C}.Debug|x86.ActiveCfg = Debug|Win32
		{CFF65502-EA5F-4B19-B20A-26DEFB92D34C}.Debug|x86.Build.0 = Debug|Win32
		{CFF65502-EA5F-4B19-B20A-26DEFB92D34C}.Release|x64.ActiveCfg = Release|x64
		{CFF65502-EA5F-4B19-B20A-26DEFB92D34C}.Release|x64.Build.0 = Release|x64
		{CFF65502-EA5F-4B19-B20A-26DEFB92D34C}.Release|x86.ActiveCfg = Release|Win32
		{CFF65502-EA5F-4B19-B20A-26DEFB92D34C}.Release|x86.Build.0 = Release|Win32
		{1DBA628F-DDAA-48F0-AF0C-AE5DE2DFDED6}.Debug|x64.ActiveCfg = Debug|x64
		{1DBA628F-DDAA-48F0-AF0C-AE5DE2DFDED6}.Debug|x64.Build.0 = Debug|x64
		{1DBA628F-DDAA-48F0-AF0C-AE5DE2DFDED6}.Debug|x86.ActiveCfg = Debug|Win32
		{1DBA628F-DDAA-48F0-AF0C-AE5DE2DFDED6}.Debug|x86.Build.0 = Debug|Win32
		{1DBA628F-DDAA-48F0-AF0C-AE5DE2DFDED6}.Release|x64.ActiveCfg = Release|x64
		{1DBA628F-DDAA-48F0-AF0C-AE5DE2DFDED6}.Release|x64.Build.0 = Release|x64
		{1DBA628F-DDAA-48F0-AF0C-AE5DE2DFDED6}.Release|x86.ActiveCfg = Release|Win32
		{1DBA628F-DDAA-48F0-AF0C-AE5DE2DFDED6}.Release|x86.Build.0 = Release|Win32
		{27547C14-5413-4DF4-98F6-C4FE406A8414}.Debug|x64.ActiveCfg = Debug|x64
		{27547C14-5413-4DF4-98F6-C4FE406A8414}.Debug|x64.Build.0 = Debug|x64
		{27547C14-5413-4DF4-98F6-C4FE406A8414}.Debug|x86.ActiveCfg = Debug|Win32
		{27547C14-5413-4DF4-98F6-C4FE406A8414}.Debug|x86.Build.0 = Debug|Win32
		{27547C14-5413-4DF4-98F6-C4FE406A8414}.Release|x64.ActiveCfg = Release|x64
		{27547C14-5413-4DF4-98F6-C4FE406A8414}.Release|x64.Build.0 = Release|x64
		{27547C14-5413-4DF4-98F6-C4FE406A8414}.Release|x86.ActiveCfg = Release|Win32
		{27547C14-5413-4DF4-98F6-C4FE406A8414}.Release|x86.Build.0 = Release|Win32
		{57B09803-BC45-4748-BA36-E9D3055FE133}.Debug|x64.ActiveCfg = Debug|x64
		{57B09803-BC45-4748-BA36-E9D3055FE133}.Debug|x64.Build.0 = Debug|x64
		{57B09803-BC45-4748-BA36-E9D3055FE133}.Debug|x86.ActiveCfg = Debug|Win32
		{57B09803-BC45-4748-BA36-E9D3055FE133}.Debug|x86.Build.0 = Debug|Win32
		{57B09803-BC45-4748-BA36-E9D3055FE133}.Release|x64.ActiveCfg = Release|x64
		{57B09803-BC45-4748-BA36-E9D3055FE133}.Release|x64.Build.0 = Release|x64
		{57B09803-BC45-4748-BA36-E9D3055FE133}.Release|x86.ActiveCfg = Release|Win32
		{57B09803-BC45-4748-BA36-E9D3055FE133}.Release|x86.Build.0 = Release|Win32
	EndGlobalSection
	GlobalSection(SolutionProperties) = preSolution
		HideSolutionNode = FALSE
	EndGlobalSection
EndGlobal
