
Microsoft Visual Studio Solution File, Format Version 12.00
# Visual Studio 14
VisualStudioVersion = 14.0.25420.1
MinimumVisualStudioVersion = 10.0.40219.1
Project("{8BC9CEB8-8B4A-11D0-8D11-00A0C91BC942}") = "prj01", "prj01\prj01.vcxproj", "{66F1D732-44A2-4BB8-8FA1-718D0516EE02}"
EndProject
Project("{8BC9CEB8-8B4A-11D0-8D11-00A0C91BC942}") = "prj02", "prj02\prj02.vcxproj", "{4C049D47-1934-447D-A204-3B3D025DAB43}"
EndProject
Project("{8BC9CEB8-8B4A-11D0-8D11-00A0C91BC942}") = "prj03", "prj03\prj03.vcxproj", "{A7188129-857F-4D05-8CE3-2E3916A12F9C}"
EndProject
Project("{8BC9CEB8-8B4A-11D0-8D11-00A0C91BC942}") = "prj04", "prj04\prj04.vcxproj", "{6BF9EF13-31A6-47DF-BD7F-80E6EFF4882C}"
EndProject
Project("{8BC9CEB8-8B4A-11D0-8D11-00A0C91BC942}") = "prj05", "prj05\prj05.vcxproj", "{FF15EDD7-9599-4476-A35B-F081CC666676}"
EndProject
Project("{8BC9CEB8-8B4A-11D0-8D11-00A0C91BC942}") = "prj06", "prj06\prj06.vcxproj", "{CCA0A06D-9D74-437F-8975-C1A0175F5C43}"
EndProject
Project("{8BC9CEB8-8B4A-11D0-8D11-00A0C91BC942}") = "prj07", "prj07\prj07.vcxproj", "{07203DF3-1F9B-4A1A-B808-FBD65E54E40C}"
EndProject
Project("{8BC9CEB8-8B4A-11D0-8D11-00A0C91BC942}") = "prj08", "prj08\prj08.vcxproj", "{1A91AC39-93FF-4E8A-90D5-18D9A7BDC999}"
EndProject
Project("{8BC9CEB8-8B4A-11D0-8D11-00A0C91BC942}") = "prj09", "prj09\prj09.vcxproj", "{B3CEDB04-F229-4EA6-BAFB-BFB5119B86D9}"
EndProject
Project("{8BC9CEB8-8B4A-11D0-8D11-00A0C91BC942}") = "prj10", "prj10\prj10.vcxproj", "{72949A89-995E-4FE3-B202-961F601531B1}"
EndProject
Project("{8BC9CEB8-8B4A-11D0-8D11-00A0C91BC942}") = "prj11", "prj11\prj11.vcxproj", "{3A55DCCA-5CC2-492D-BE84-40037CA68951}"
EndProject
Project("{8BC9CEB8-8B4A-11D0-8D11-00A0C91BC942}") = "prj12", "prj12\prj12.vcxproj", "{A6D4CFC9-D8C6-4DD4-895C-238EBC94F430}"
EndProject
Project("{8BC9CEB8-8B4A-11D0-8D11-00A0C91BC942}") = "prj13", "prj13\prj13.vcxproj", "{A7F07BD8-1BEE-46DF-998B-0E7A8B68674C}"
EndProject
Project("{8BC9CEB8-8B4A-11D0-8D11-00A0C91BC942}") = "prj14", "prj14\prj14.vcxproj", "{2094A302-6168-4D99-AB85-0B7F61EDF91D}"
EndProject
Project("{8BC9CEB8-8B4A-11D0-8D11-00A0C91BC942}") = "prj15", "prj15\prj15.vcxproj", "{75CE0270-7A40-4DE8-8128-008934491C29}"
EndProject
Project("{8BC9CEB8-8B4A-11D0-8D11-00A0C91BC942}") = "prj16", "prj16\prj16.vcxproj", "{76F576E8-2457-4EF9-B718-65BC62D1D6E0}"
EndProject
Project("{8BC9CEB8-8B4A-11D0-8D11-00A0C91BC942}") = "prj17", "prj17\prj17.vcxproj", "{58CAF121-8621-4EE1-9B7E-BB3E5B18EFF7}"
EndProject
Global
	GlobalSection(SolutionConfigurationPlatforms) = preSolution
		Debug|x64 = Debug|x64
		Debug|x86 = Debug|x86
		Release|x64 = Release|x64
		Release|x86 = Release|x86
	EndGlobalSection
	GlobalSection(ProjectConfigurationPlatforms) = postSolution
		{66F1D732-44A2-4BB8-8FA1-718D0516EE02}.Debug|x64.ActiveCfg = Debug|x64
		{66F1D732-44A2-4BB8-8FA1-718D0516EE02}.Debug|x64.Build.0 = Debug|x64
		{66F1D732-44A2-4BB8-8FA1-718D0516EE02}.Debug|x86.ActiveCfg = Debug|Win32
		{66F1D732-44A2-4BB8-8FA1-718D0516EE02}.Debug|x86.Build.0 = Debug|Win32
		{66F1D732-44A2-4BB8-8FA1-718D0516EE02}.Release|x64.ActiveCfg = Release|x64
		{66F1D732-44A2-4BB8-8FA1-718D0516EE02}.Release|x64.Build.0 = Release|x64
		{66F1D732-44A2-4BB8-8FA1-718D0516EE02}.Release|x86.ActiveCfg = Release|Win32
		{66F1D732-44A2-4BB8-8FA1-718D0516EE02}.Release|x86.Build.0 = Release|Win32
		{4C049D47-1934-447D-A204-3B3D025DAB43}.Debug|x64.ActiveCfg = Debug|x64
		{4C049D47-1934-447D-A204-3B3D025DAB43}.Debug|x64.Build.0 = Debug|x64
		{4C049D47-1934-447D-A204-3B3D025DAB43}.Debug|x86.ActiveCfg = Debug|Win32
		{4C049D47-1934-447D-A204-3B3D025DAB43}.Debug|x86.Build.0 = Debug|Win32
		{4C049D47-1934-447D-A204-3B3D025DAB43}.Release|x64.ActiveCfg = Release|x64
		{4C049D47-1934-447D-A204-3B3D025DAB43}.Release|x64.Build.0 = Release|x64
		{4C049D47-1934-447D-A204-3B3D025DAB43}.Release|x86.ActiveCfg = Release|Win32
		{4C049D47-1934-447D-A204-3B3D025DAB43}.Release|x86.Build.0 = Release|Win32
		{A7188129-857F-4D05-8CE3-2E3916A12F9C}.Debug|x64.ActiveCfg = Debug|x64
		{A7188129-857F-4D05-8CE3-2E3916A12F9C}.Debug|x64.Build.0 = Debug|x64
		{A7188129-857F-4D05-8CE3-2E3916A12F9C}.Debug|x86.ActiveCfg = Debug|Win32
		{A7188129-857F-4D05-8CE3-2E3916A12F9C}.Debug|x86.Build.0 = Debug|Win32
		{A7188129-857F-4D05-8CE3-2E3916A12F9C}.Release|x64.ActiveCfg = Release|x64
		{A7188129-857F-4D05-8CE3-2E3916A12F9C}.Release|x64.Build.0 = Release|x64
		{A7188129-857F-4D05-8CE3-2E3916A12F9C}.Release|x86.ActiveCfg = Release|Win32
		{A7188129-857F-4D05-8CE3-2E3916A12F9C}.Release|x86.Build.0 = Release|Win32
		{6BF9EF13-31A6-47DF-BD7F-80E6EFF4882C}.Debug|x64.ActiveCfg = Debug|x64
		{6BF9EF13-31A6-47DF-BD7F-80E6EFF4882C}.Debug|x64.Build.0 = Debug|x64
		{6BF9EF13-31A6-47DF-BD7F-80E6EFF4882C}.Debug|x86.ActiveCfg = Debug|Win32
		{6BF9EF13-31A6-47DF-BD7F-80E6EFF4882C}.Debug|x86.Build.0 = Debug|Win32
		{6BF9EF13-31A6-47DF-BD7F-80E6EFF4882C}.Release|x64.ActiveCfg = Release|x64
		{6BF9EF13-31A6-47DF-BD7F-80E6EFF4882C}.Release|x64.Build.0 = Release|x64
		{6BF9EF13-31A6-47DF-BD7F-80E6EFF4882C}.Release|x86.ActiveCfg = Release|Win32
		{6BF9EF13-31A6-47DF-BD7F-80E6EFF4882C}.Release|x86.Build.0 = Release|Win32
		{FF15EDD7-9599-4476-A35B-F081CC666676}.Debug|x64.ActiveCfg = Debug|x64
		{FF15EDD7-9599-4476-A35B-F081CC666676}.Debug|x64.Build.0 = Debug|x64
		{FF15EDD7-9599-4476-A35B-F081CC666676}.Debug|x86.ActiveCfg = Debug|Win32
		{FF15EDD7-9599-4476-A35B-F081CC666676}.Debug|x86.Build.0 = Debug|Win32
		{FF15EDD7-9599-4476-A35B-F081CC666676}.Release|x64.ActiveCfg = Release|x64
		{FF15EDD7-9599-4476-A35B-F081CC666676}.Release|x64.Build.0 = Release|x64
		{FF15EDD7-9599-4476-A35B-F081CC666676}.Release|x86.ActiveCfg = Release|Win32
		{FF15EDD7-9599-4476-A35B-F081CC666676}.Release|x86.Build.0 = Release|Win32
		{CCA0A06D-9D74-437F-8975-C1A0175F5C43}.Debug|x64.ActiveCfg = Debug|x64
		{CCA0A06D-9D74-437F-8975-C1A0175F5C43}.Debug|x64.Build.0 = Debug|x64
		{CCA0A06D-9D74-437F-8975-C1A0175F5C43}.Debug|x86.ActiveCfg = Debug|Win32
		{CCA0A06D-9D74-437F-8975-C1A0175F5C43}.Debug|x86.Build.0 = Debug|Win32
		{CCA0A06D-9D74-437F-8975-C1A0175F5C43}.Release|x64.ActiveCfg = Release|x64
		{CCA0A06D-9D74-437F-8975-C1A0175F5C43}.Release|x64.Build.0 = Release|x64
		{CCA0A06D-9D74-437F-8975-C1A0175F5C43}.Release|x86.ActiveCfg = Release|Win32
		{CCA0A06D-9D74-437F-8975-C1A0175F5C43}.Release|x86.Build.0 = Release|Win32
		{07203DF3-1F9B-4A1A-B808-FBD65E54E40C}.Debug|x64.ActiveCfg = Debug|x64
		{07203DF3-1F9B-4A1A-B808-FBD65E54E40C}.Debug|x64.Build.0 = Debug|x64
		{07203DF3-1F9B-4A1A-B808-FBD65E54E40C}.Debug|x86.ActiveCfg = Debug|Win32
		{07203DF3-1F9B-4A1A-B808-FBD65E54E40C}.Debug|x86.Build.0 = Debug|Win32
		{07203DF3-1F9B-4A1A-B808-FBD65E54E40C}.Release|x64.ActiveCfg = Release|x64
		{07203DF3-1F9B-4A1A-B808-FBD65E54E40C}.Release|x64.Build.0 = Release|x64
		{07203DF3-1F9B-4A1A-B808-FBD65E54E40C}.Release|x86.ActiveCfg = Release|Win32
		{07203DF3-1F9B-4A1A-B808-FBD65E54E40C}.Release|x86.Build.0 = Release|Win32
		{1A91AC39-93FF-4E8A-90D5-18D9A7BDC999}.Debug|x64.ActiveCfg = Debug|x64
		{1A91AC39-93FF-4E8A-90D5-18D9A7BDC999}.Debug|x64.Build.0 = Debug|x64
		{1A91AC39-93FF-4E8A-90D5-18D9A7BDC999}.Debug|x86.ActiveCfg = Debug|Win32
		{1A91AC39-93FF-4E8A-90D5-18D9A7BDC999}.Debug|x86.Build.0 = Debug|Win32
		{1A91AC39-93FF-4E8A-90D5-18D9A7BDC999}.Release|x64.ActiveCfg = Release|x64
		{1A91AC39-93FF-4E8A-90D5-18D9A7BDC999}.Release|x64.Build.0 = Release|x64
		{1A91AC39-93FF-4E8A-90D5-18D9A7BDC999}.Release|x86.ActiveCfg = Release|Win32
		{1A91AC39-93FF-4E8A-90D5-18D9A7BDC999}.Release|x86.Build.0 = Release|Win32
		{B3CEDB04-F229-4EA6-BAFB-BFB5119B86D9}.Debug|x64.ActiveCfg = Debug|x64
		{B3CEDB04-F229-4EA6-BAFB-BFB5119B86D9}.Debug|x64.Build.0 = Debug|x64
		{B3CEDB04-F229-4EA6-BAFB-BFB5119B86D9}.Debug|x86.ActiveCfg = Debug|Win32
		{B3CEDB04-F229-4EA6-BAFB-BFB5119B86D9}.Debug|x86.Build.0 = Debug|Win32
		{B3CEDB04-F229-4EA6-BAFB-BFB5119B86D9}.Release|x64.ActiveCfg = Release|x64
		{B3CEDB04-F229-4EA6-BAFB-BFB5119B86D9}.Release|x64.Build.0 = Release|x64
		{B3CEDB04-F229-4EA6-BAFB-BFB5119B86D9}.Release|x86.ActiveCfg = Release|Win32
		{B3CEDB04-F229-4EA6-BAFB-BFB5119B86D9}.Release|x86.Build.0 = Release|Win32
		{72949A89-995E-4FE3-B202-961F601531B1}.Debug|x64.ActiveCfg = Debug|x64
		{72949A89-995E-4FE3-B202-961F601531B1}.Debug|x64.Build.0 = Debug|x64
		{72949A89-995E-4FE3-B202-961F601531B1}.Debug|x86.ActiveCfg = Debug|Win32
		{72949A89-995E-4FE3-B202-961F601531B1}.Debug|x86.Build.0 = Debug|Win32
		{72949A89-995E-4FE3-B202-961F601531B1}.Release|x64.ActiveCfg = Release|x64
		{72949A89-995E-4FE3-B202-961F601531B1}.Release|x64.Build.0 = Release|x64
		{72949A89-995E-4FE3-B202-961F601531B1}.Release|x86.ActiveCfg = Release|Win32
		{72949A89-995E-4FE3-B202-961F601531B1}.Release|x86.Build.0 = Release|Win32
		{3A55DCCA-5CC2-492D-BE84-40037CA68951}.Debug|x64.ActiveCfg = Debug|x64
		{3A55DCCA-5CC2-492D-BE84-40037CA68951}.Debug|x64.Build.0 = Debug|x64
		{3A55DCCA-5CC2-492D-BE84-40037CA68951}.Debug|x86.ActiveCfg = Debug|Win32
		{3A55DCCA-5CC2-492D-BE84-40037CA68951}.Debug|x86.Build.0 = Debug|Win32
		{3A55DCCA-5CC2-492D-BE84-40037CA68951}.Release|x64.ActiveCfg = Release|x64
		{3A55DCCA-5CC2-492D-BE84-40037CA68951}.Release|x64.Build.0 = Release|x64
		{3A55DCCA-5CC2-492D-BE84-40037CA68951}.Release|x86.ActiveCfg = Release|Win32
		{3A55DCCA-5CC2-492D-BE84-40037CA68951}.Release|x86.Build.0 = Release|Win32
		{A6D4CFC9-D8C6-4DD4-895C-238EBC94F430}.Debug|x64.ActiveCfg = Debug|x64
		{A6D4CFC9-D8C6-4DD4-895C-238EBC94F430}.Debug|x64.Build.0 = Debug|x64
		{A6D4CFC9-D8C6-4DD4-895C-238EBC94F430}.Debug|x86.ActiveCfg = Debug|Win32
		{A6D4CFC9-D8C6-4DD4-895C-238EBC94F430}.Debug|x86.Build.0 = Debug|Win32
		{A6D4CFC9-D8C6-4DD4-895C-238EBC94F430}.Release|x64.ActiveCfg = Release|x64
		{A6D4CFC9-D8C6-4DD4-895C-238EBC94F430}.Release|x64.Build.0 = Release|x64
		{A6D4CFC9-D8C6-4DD4-895C-238EBC94F430}.Release|x86.ActiveCfg = Release|Win32
		{A6D4CFC9-D8C6-4DD4-895C-238EBC94F430}.Release|x86.Build.0 = Release|Win32
		{A7F07BD8-1BEE-46DF-998B-0E7A8B68674C}.Debug|x64.ActiveCfg = Debug|x64
		{A7F07BD8-1BEE-46DF-998B-0E7A8B68674C}.Debug|x64.Build.0 = Debug|x64
		{A7F07BD8-1BEE-46DF-998B-0E7A8B68674C}.Debug|x86.ActiveCfg = Debug|Win32
		{A7F07BD8-1BEE-46DF-998B-0E7A8B68674C}.Debug|x86.Build.0 = Debug|Win32
		{A7F07BD8-1BEE-46DF-998B-0E7A8B68674C}.Release|x64.ActiveCfg = Release|x64
		{A7F07BD8-1BEE-46DF-998B-0E7A8B68674C}.Release|x64.Build.0 = Release|x64
		{A7F07BD8-1BEE-46DF-998B-0E7A8B68674C}.Release|x86.ActiveCfg = Release|Win32
		{A7F07BD8-1BEE-46DF-998B-0E7A8B68674C}.Release|x86.Build.0 = Release|Win32
		{2094A302-6168-4D99-AB85-0B7F61EDF91D}.Debug|x64.ActiveCfg = Debug|x64
		{2094A302-6168-4D99-AB85-0B7F61EDF91D}.Debug|x64.Build.0 = Debug|x64
		{2094A302-6168-4D99-AB85-0B7F61EDF91D}.Debug|x86.ActiveCfg = Debug|Win32
		{2094A302-6168-4D99-AB85-0B7F61EDF91D}.Debug|x86.Build.0 = Debug|Win32
		{2094A302-6168-4D99-AB85-0B7F61EDF91D}.Release|x64.ActiveCfg = Release|x64
		{2094A302-6168-4D99-AB85-0B7F61EDF91D}.Release|x64.Build.0 = Release|x64
		{2094A302-6168-4D99-AB85-0B7F61EDF91D}.Release|x86.ActiveCfg = Release|Win32
		{2094A302-6168-4D99-AB85-0B7F61EDF91D}.Release|x86.Build.0 = Release|Win32
		{75CE0270-7A40-4DE8-8128-008934491C29}.Debug|x64.ActiveCfg = Debug|x64
		{75CE0270-7A40-4DE8-8128-008934491C29}.Debug|x64.Build.0 = Debug|x64
		{75CE0270-7A40-4DE8-8128-008934491C29}.Debug|x86.ActiveCfg = Debug|Win32
		{75CE0270-7A40-4DE8-8128-008934491C29}.Debug|x86.Build.0 = Debug|Win32
		{75CE0270-7A40-4DE8-8128-008934491C29}.Release|x64.ActiveCfg = Release|x64
		{75CE0270-7A40-4DE8-8128-008934491C29}.Release|x64.Build.0 = Release|x64
		{75CE0270-7A40-4DE8-8128-008934491C29}.Release|x86.ActiveCfg = Release|Win32
		{75CE0270-7A40-4DE8-8128-008934491C29}.Release|x86.Build.0 = Release|Win32
		{76F576E8-2457-4EF9-B718-65BC62D1D6E0}.Debug|x64.ActiveCfg = Debug|x64
		{76F576E8-2457-4EF9-B718-65BC62D1D6E0}.Debug|x64.Build.0 = Debug|x64
		{76F576E8-2457-4EF9-B718-65BC62D1D6E0}.Debug|x86.ActiveCfg = Debug|Win32
		{76F576E8-2457-4EF9-B718-65BC62D1D6E0}.Debug|x86.Build.0 = Debug|Win32
		{76F576E8-2457-4EF9-B718-65BC62D1D6E0}.Release|x64.ActiveCfg = Release|x64
		{76F576E8-2457-4EF9-B718-65BC62D1D6E0}.Release|x64.Build.0 = Release|x64
		{76F576E8-2457-4EF9-B718-65BC62D1D6E0}.Release|x86.ActiveCfg = Release|Win32
		{76F576E8-2457-4EF9-B718-65BC62D1D6E0}.Release|x86.Build.0 = Release|Win32
		{58CAF121-8621-4EE1-9B7E-BB3E5B18EFF7}.Debug|x64.ActiveCfg = Debug|x64
		{58CAF121-8621-4EE1-9B7E-BB3E5B18EFF7}.Debug|x64.Build.0 = Debug|x64
		{58CAF121-8621-4EE1-9B7E-BB3E5B18EFF7}.Debug|x86.ActiveCfg = Debug|Win32
		{58CAF121-8621-4EE1-9B7E-BB3E5B18EFF7}.Debug|x86.Build.0 = Debug|Win32
		{58CAF121-8621-4EE1-9B7E-BB3E5B18EFF7}.Release|x64.ActiveCfg = Release|x64
		{58CAF121-8621-4EE1-9B7E-BB3E5B18EFF7}.Release|x64.Build.0 = Release|x64
		{58CAF121-8621-4EE1-9B7E-BB3E5B18EFF7}.Release|x86.ActiveCfg = Release|Win32
		{58CAF121-8621-4EE1-9B7E-BB3E5B18EFF7}.Release|x86.Build.0 = Release|Win32
	EndGlobalSection
	GlobalSection(SolutionProperties) = preSolution
		HideSolutionNode = FALSE
	EndGlobalSection
EndGlobal
