
Microsoft Visual Studio Solution File, Format Version 12.00
# Visual Studio 14
VisualStudioVersion = 14.0.25420.1
MinimumVisualStudioVersion = 10.0.40219.1
Project("{8BC9CEB8-8B4A-11D0-8D11-00A0C91BC942}") = "prj01", "prj01\prj01.vcxproj", "{70EDDD30-9A18-43F1-8848-5B8BF1E493E5}"
EndProject
Project("{8BC9CEB8-8B4A-11D0-8D11-00A0C91BC942}") = "prj02", "prj02\prj02.vcxproj", "{DD147965-0739-41CA-8D21-08E5407AB1FB}"
EndProject
Project("{8BC9CEB8-8B4A-11D0-8D11-00A0C91BC942}") = "Lab8-1", "Lab8-1\Lab8-1.vcxproj", "{E9B5571A-7009-4085-A9BF-636F6034C800}"
EndProject
Project("{8BC9CEB8-8B4A-11D0-8D11-00A0C91BC942}") = "prj03", "prj03\prj03.vcxproj", "{CB0981D7-D577-4FB5-9EC4-2C4223483018}"
EndProject
Project("{8BC9CEB8-8B4A-11D0-8D11-00A0C91BC942}") = "prj04", "prj04\prj04.vcxproj", "{AA2C6E62-A402-475F-A92B-76E2193FC747}"
EndProject
Project("{8BC9CEB8-8B4A-11D0-8D11-00A0C91BC942}") = "prj05", "prj05\prj05.vcxproj", "{FCD06E96-BE36-46BA-8B91-91E59B7F418A}"
EndProject
Project("{8BC9CEB8-8B4A-11D0-8D11-00A0C91BC942}") = "prj06", "prj06\prj06.vcxproj", "{61F776DE-B94A-44C0-9B73-E029E7CBCAD3}"
EndProject
Project("{8BC9CEB8-8B4A-11D0-8D11-00A0C91BC942}") = "Lab8-2", "Lab8-2\Lab8-2.vcxproj", "{58B4B1E0-3ED7-4C15-9703-5BFBB6CC7B9D}"
EndProject
Project("{8BC9CEB8-8B4A-11D0-8D11-00A0C91BC942}") = "prj07", "prj07\prj07.vcxproj", "{145E8E41-6177-48A1-9C14-9D0083FCFF72}"
EndProject
Project("{8BC9CEB8-8B4A-11D0-8D11-00A0C91BC942}") = "prj08", "prj08\prj08.vcxproj", "{FE4664D8-CF7B-4961-A7C4-965D1079DA8C}"
EndProject
Project("{8BC9CEB8-8B4A-11D0-8D11-00A0C91BC942}") = "prj09", "prj09\prj09.vcxproj", "{283E9933-376A-4855-A0FC-97660A09C7F7}"
EndProject
Project("{8BC9CEB8-8B4A-11D0-8D11-00A0C91BC942}") = "prj10", "prj10\prj10.vcxproj", "{15854AD3-06DE-4F03-856A-A1852E02FD46}"
EndProject
Project("{8BC9CEB8-8B4A-11D0-8D11-00A0C91BC942}") = "Lab8-3", "Lab8-3\Lab8-3.vcxproj", "{E76D7E4F-3121-4EED-B801-BF558DB8B8D0}"
EndProject
Global
	GlobalSection(SolutionConfigurationPlatforms) = preSolution
		Debug|x64 = Debug|x64
		Debug|x86 = Debug|x86
		Release|x64 = Release|x64
		Release|x86 = Release|x86
	EndGlobalSection
	GlobalSection(ProjectConfigurationPlatforms) = postSolution
		{70EDDD30-9A18-43F1-8848-5B8BF1E493E5}.Debug|x64.ActiveCfg = Debug|x64
		{70EDDD30-9A18-43F1-8848-5B8BF1E493E5}.Debug|x64.Build.0 = Debug|x64
		{70EDDD30-9A18-43F1-8848-5B8BF1E493E5}.Debug|x86.ActiveCfg = Debug|Win32
		{70EDDD30-9A18-43F1-8848-5B8BF1E493E5}.Debug|x86.Build.0 = Debug|Win32
		{70EDDD30-9A18-43F1-8848-5B8BF1E493E5}.Release|x64.ActiveCfg = Release|x64
		{70EDDD30-9A18-43F1-8848-5B8BF1E493E5}.Release|x64.Build.0 = Release|x64
		{70EDDD30-9A18-43F1-8848-5B8BF1E493E5}.Release|x86.ActiveCfg = Release|Win32
		{70EDDD30-9A18-43F1-8848-5B8BF1E493E5}.Release|x86.Build.0 = Release|Win32
		{DD147965-0739-41CA-8D21-08E5407AB1FB}.Debug|x64.ActiveCfg = Debug|x64
		{DD147965-0739-41CA-8D21-08E5407AB1FB}.Debug|x64.Build.0 = Debug|x64
		{DD147965-0739-41CA-8D21-08E5407AB1FB}.Debug|x86.ActiveCfg = Debug|Win32
		{DD147965-0739-41CA-8D21-08E5407AB1FB}.Debug|x86.Build.0 = Debug|Win32
		{DD147965-0739-41CA-8D21-08E5407AB1FB}.Release|x64.ActiveCfg = Release|x64
		{DD147965-0739-41CA-8D21-08E5407AB1FB}.Release|x64.Build.0 = Release|x64
		{DD147965-0739-41CA-8D21-08E5407AB1FB}.Release|x86.ActiveCfg = Release|Win32
		{DD147965-0739-41CA-8D21-08E5407AB1FB}.Release|x86.Build.0 = Release|Win32
		{E9B5571A-7009-4085-A9BF-636F6034C800}.Debug|x64.ActiveCfg = Debug|x64
		{E9B5571A-7009-4085-A9BF-636F6034C800}.Debug|x64.Build.0 = Debug|x64
		{E9B5571A-7009-4085-A9BF-636F6034C800}.Debug|x86.ActiveCfg = Debug|Win32
		{E9B5571A-7009-4085-A9BF-636F6034C800}.Debug|x86.Build.0 = Debug|Win32
		{E9B5571A-7009-4085-A9BF-636F6034C800}.Release|x64.ActiveCfg = Release|x64
		{E9B5571A-7009-4085-A9BF-636F6034C800}.Release|x64.Build.0 = Release|x64
		{E9B5571A-7009-4085-A9BF-636F6034C800}.Release|x86.ActiveCfg = Release|Win32
		{E9B5571A-7009-4085-A9BF-636F6034C800}.Release|x86.Build.0 = Release|Win32
		{CB0981D7-D577-4FB5-9EC4-2C4223483018}.Debug|x64.ActiveCfg = Debug|x64
		{CB0981D7-D577-4FB5-9EC4-2C4223483018}.Debug|x64.Build.0 = Debug|x64
		{CB0981D7-D577-4FB5-9EC4-2C4223483018}.Debug|x86.ActiveCfg = Debug|Win32
		{CB0981D7-D577-4FB5-9EC4-2C4223483018}.Debug|x86.Build.0 = Debug|Win32
		{CB0981D7-D577-4FB5-9EC4-2C4223483018}.Release|x64.ActiveCfg = Release|x64
		{CB0981D7-D577-4FB5-9EC4-2C4223483018}.Release|x64.Build.0 = Release|x64
		{CB0981D7-D577-4FB5-9EC4-2C4223483018}.Release|x86.ActiveCfg = Release|Win32
		{CB0981D7-D577-4FB5-9EC4-2C4223483018}.Release|x86.Build.0 = Release|Win32
		{AA2C6E62-A402-475F-A92B-76E2193FC747}.Debug|x64.ActiveCfg = Debug|x64
		{AA2C6E62-A402-475F-A92B-76E2193FC747}.Debug|x64.Build.0 = Debug|x64
		{AA2C6E62-A402-475F-A92B-76E2193FC747}.Debug|x86.ActiveCfg = Debug|Win32
		{AA2C6E62-A402-475F-A92B-76E2193FC747}.Debug|x86.Build.0 = Debug|Win32
		{AA2C6E62-A402-475F-A92B-76E2193FC747}.Release|x64.ActiveCfg = Release|x64
		{AA2C6E62-A402-475F-A92B-76E2193FC747}.Release|x64.Build.0 = Release|x64
		{AA2C6E62-A402-475F-A92B-76E2193FC747}.Release|x86.ActiveCfg = Release|Win32
		{AA2C6E62-A402-475F-A92B-76E2193FC747}.Release|x86.Build.0 = Release|Win32
		{FCD06E96-BE36-46BA-8B91-91E59B7F418A}.Debug|x64.ActiveCfg = Debug|x64
		{FCD06E96-BE36-46BA-8B91-91E59B7F418A}.Debug|x64.Build.0 = Debug|x64
		{FCD06E96-BE36-46BA-8B91-91E59B7F418A}.Debug|x86.ActiveCfg = Debug|Win32
		{FCD06E96-BE36-46BA-8B91-91E59B7F418A}.Debug|x86.Build.0 = Debug|Win32
		{FCD06E96-BE36-46BA-8B91-91E59B7F418A}.Release|x64.ActiveCfg = Release|x64
		{FCD06E96-BE36-46BA-8B91-91E59B7F418A}.Release|x64.Build.0 = Release|x64
		{FCD06E96-BE36-46BA-8B91-91E59B7F418A}.Release|x86.ActiveCfg = Release|Win32
		{FCD06E96-BE36-46BA-8B91-91E59B7F418A}.Release|x86.Build.0 = Release|Win32
		{61F776DE-B94A-44C0-9B73-E029E7CBCAD3}.Debug|x64.ActiveCfg = Debug|x64
		{61F776DE-B94A-44C0-9B73-E029E7CBCAD3}.Debug|x64.Build.0 = Debug|x64
		{61F776DE-B94A-44C0-9B73-E029E7CBCAD3}.Debug|x86.ActiveCfg = Debug|Win32
		{61F776DE-B94A-44C0-9B73-E029E7CBCAD3}.Debug|x86.Build.0 = Debug|Win32
		{61F776DE-B94A-44C0-9B73-E029E7CBCAD3}.Release|x64.ActiveCfg = Release|x64
		{61F776DE-B94A-44C0-9B73-E029E7CBCAD3}.Release|x64.Build.0 = Release|x64
		{61F776DE-B94A-44C0-9B73-E029E7CBCAD3}.Release|x86.ActiveCfg = Release|Win32
		{61F776DE-B94A-44C0-9B73-E029E7CBCAD3}.Release|x86.Build.0 = Release|Win32
		{58B4B1E0-3ED7-4C15-9703-5BFBB6CC7B9D}.Debug|x64.ActiveCfg = Debug|x64
		{58B4B1E0-3ED7-4C15-9703-5BFBB6CC7B9D}.Debug|x64.Build.0 = Debug|x64
		{58B4B1E0-3ED7-4C15-9703-5BFBB6CC7B9D}.Debug|x86.ActiveCfg = Debug|Win32
		{58B4B1E0-3ED7-4C15-9703-5BFBB6CC7B9D}.Debug|x86.Build.0 = Debug|Win32
		{58B4B1E0-3ED7-4C15-9703-5BFBB6CC7B9D}.Release|x64.ActiveCfg = Release|x64
		{58B4B1E0-3ED7-4C15-9703-5BFBB6CC7B9D}.Release|x64.Build.0 = Release|x64
		{58B4B1E0-3ED7-4C15-9703-5BFBB6CC7B9D}.Release|x86.ActiveCfg = Release|Win32
		{58B4B1E0-3ED7-4C15-9703-5BFBB6CC7B9D}.Release|x86.Build.0 = Release|Win32
		{145E8E41-6177-48A1-9C14-9D0083FCFF72}.Debug|x64.ActiveCfg = Debug|x64
		{145E8E41-6177-48A1-9C14-9D0083FCFF72}.Debug|x64.Build.0 = Debug|x64
		{145E8E41-6177-48A1-9C14-9D0083FCFF72}.Debug|x86.ActiveCfg = Debug|Win32
		{145E8E41-6177-48A1-9C14-9D0083FCFF72}.Debug|x86.Build.0 = Debug|Win32
		{145E8E41-6177-48A1-9C14-9D0083FCFF72}.Release|x64.ActiveCfg = Release|x64
		{145E8E41-6177-48A1-9C14-9D0083FCFF72}.Release|x64.Build.0 = Release|x64
		{145E8E41-6177-48A1-9C14-9D0083FCFF72}.Release|x86.ActiveCfg = Release|Win32
		{145E8E41-6177-48A1-9C14-9D0083FCFF72}.Release|x86.Build.0 = Release|Win32
		{FE4664D8-CF7B-4961-A7C4-965D1079DA8C}.Debug|x64.ActiveCfg = Debug|x64
		{FE4664D8-CF7B-4961-A7C4-965D1079DA8C}.Debug|x64.Build.0 = Debug|x64
		{FE4664D8-CF7B-4961-A7C4-965D1079DA8C}.Debug|x86.ActiveCfg = Debug|Win32
		{FE4664D8-CF7B-4961-A7C4-965D1079DA8C}.Debug|x86.Build.0 = Debug|Win32
		{FE4664D8-CF7B-4961-A7C4-965D1079DA8C}.Release|x64.ActiveCfg = Release|x64
		{FE4664D8-CF7B-4961-A7C4-965D1079DA8C}.Release|x64.Build.0 = Release|x64
		{FE4664D8-CF7B-4961-A7C4-965D1079DA8C}.Release|x86.ActiveCfg = Release|Win32
		{FE4664D8-CF7B-4961-A7C4-965D1079DA8C}.Release|x86.Build.0 = Release|Win32
		{283E9933-376A-4855-A0FC-97660A09C7F7}.Debug|x64.ActiveCfg = Debug|x64
		{283E9933-376A-4855-A0FC-97660A09C7F7}.Debug|x64.Build.0 = Debug|x64
		{283E9933-376A-4855-A0FC-97660A09C7F7}.Debug|x86.ActiveCfg = Debug|Win32
		{283E9933-376A-4855-A0FC-97660A09C7F7}.Debug|x86.Build.0 = Debug|Win32
		{283E9933-376A-4855-A0FC-97660A09C7F7}.Release|x64.ActiveCfg = Release|x64
		{283E9933-376A-4855-A0FC-97660A09C7F7}.Release|x64.Build.0 = Release|x64
		{283E9933-376A-4855-A0FC-97660A09C7F7}.Release|x86.ActiveCfg = Release|Win32
		{283E9933-376A-4855-A0FC-97660A09C7F7}.Release|x86.Build.0 = Release|Win32
		{15854AD3-06DE-4F03-856A-A1852E02FD46}.Debug|x64.ActiveCfg = Debug|x64
		{15854AD3-06DE-4F03-856A-A1852E02FD46}.Debug|x64.Build.0 = Debug|x64
		{15854AD3-06DE-4F03-856A-A1852E02FD46}.Debug|x86.ActiveCfg = Debug|Win32
		{15854AD3-06DE-4F03-856A-A1852E02FD46}.Debug|x86.Build.0 = Debug|Win32
		{15854AD3-06DE-4F03-856A-A1852E02FD46}.Release|x64.ActiveCfg = Release|x64
		{15854AD3-06DE-4F03-856A-A1852E02FD46}.Release|x64.Build.0 = Release|x64
		{15854AD3-06DE-4F03-856A-A1852E02FD46}.Release|x86.ActiveCfg = Release|Win32
		{15854AD3-06DE-4F03-856A-A1852E02FD46}.Release|x86.Build.0 = Release|Win32
		{E76D7E4F-3121-4EED-B801-BF558DB8B8D0}.Debug|x64.ActiveCfg = Debug|x64
		{E76D7E4F-3121-4EED-B801-BF558DB8B8D0}.Debug|x64.Build.0 = Debug|x64
		{E76D7E4F-3121-4EED-B801-BF558DB8B8D0}.Debug|x86.ActiveCfg = Debug|Win32
		{E76D7E4F-3121-4EED-B801-BF558DB8B8D0}.Debug|x86.Build.0 = Debug|Win32
		{E76D7E4F-3121-4EED-B801-BF558DB8B8D0}.Release|x64.ActiveCfg = Release|x64
		{E76D7E4F-3121-4EED-B801-BF558DB8B8D0}.Release|x64.Build.0 = Release|x64
		{E76D7E4F-3121-4EED-B801-BF558DB8B8D0}.Release|x86.ActiveCfg = Release|Win32
		{E76D7E4F-3121-4EED-B801-BF558DB8B8D0}.Release|x86.Build.0 = Release|Win32
	EndGlobalSection
	GlobalSection(SolutionProperties) = preSolution
		HideSolutionNode = FALSE
	EndGlobalSection
EndGlobal
