
Microsoft Visual Studio Solution File, Format Version 12.00
# Visual Studio 14
VisualStudioVersion = 14.0.25420.1
MinimumVisualStudioVersion = 10.0.40219.1
Project("{8BC9CEB8-8B4A-11D0-8D11-00A0C91BC942}") = "prj01", "prj01\prj01.vcxproj", "{A70F56BA-DAE9-4373-96C9-0E0F20E6D029}"
EndProject
Project("{8BC9CEB8-8B4A-11D0-8D11-00A0C91BC942}") = "prj02", "prj02\prj02.vcxproj", "{67DDFCAE-7577-493C-9885-AAE06E22D688}"
EndProject
Project("{8BC9CEB8-8B4A-11D0-8D11-00A0C91BC942}") = "prj03", "prj03\prj03.vcxproj", "{F19EB8A2-4521-433A-BCBA-B448E2D18B09}"
EndProject
Project("{8BC9CEB8-8B4A-11D0-8D11-00A0C91BC942}") = "prj04", "prj04\prj04.vcxproj", "{DA21C0DA-A1E3-4BBD-BA13-0D55263B46B7}"
EndProject
Project("{8BC9CEB8-8B4A-11D0-8D11-00A0C91BC942}") = "prj05", "prj05\prj05.vcxproj", "{9A881D4E-E909-4E1F-B60C-940335ADD155}"
EndProject
Project("{8BC9CEB8-8B4A-11D0-8D11-00A0C91BC942}") = "prj06", "prj06\prj06.vcxproj", "{367D8BA3-C21B-489E-BAEA-E46557D3ACD1}"
EndProject
Project("{8BC9CEB8-8B4A-11D0-8D11-00A0C91BC942}") = "prj07", "prj07\prj07.vcxproj", "{4871CD95-E49E-4845-99E0-075FF8A8F834}"
EndProject
Project("{8BC9CEB8-8B4A-11D0-8D11-00A0C91BC942}") = "prj08", "prj08\prj08.vcxproj", "{04A26699-FE5C-4615-824D-9BA5F47123CB}"
EndProject
Project("{8BC9CEB8-8B4A-11D0-8D11-00A0C91BC942}") = "prj09", "prj09\prj09.vcxproj", "{572339F6-8BD3-46C6-B53B-771C69A6FC72}"
EndProject
Project("{8BC9CEB8-8B4A-11D0-8D11-00A0C91BC942}") = "prj10", "prj10\prj10.vcxproj", "{CF2D1071-0175-4BE2-9DFD-FB4358D8AFBF}"
EndProject
Project("{8BC9CEB8-8B4A-11D0-8D11-00A0C91BC942}") = "prj11", "prj11\prj11.vcxproj", "{1DA643EB-76AE-4910-B98C-9BEAEAD7891B}"
EndProject
Project("{8BC9CEB8-8B4A-11D0-8D11-00A0C91BC942}") = "prj12", "prj12\prj12.vcxproj", "{95DDBDC2-625A-48E7-8AFE-18EDAA6774E9}"
EndProject
Project("{8BC9CEB8-8B4A-11D0-8D11-00A0C91BC942}") = "prj13", "prj13\prj13.vcxproj", "{59B9B352-3E29-4223-8762-6B9CFE10CA5E}"
EndProject
Project("{8BC9CEB8-8B4A-11D0-8D11-00A0C91BC942}") = "prj14", "prj14\prj14.vcxproj", "{EDA27807-A60F-4A72-AD31-EE527129F461}"
EndProject
Project("{8BC9CEB8-8B4A-11D0-8D11-00A0C91BC942}") = "prj15", "prj15\prj15.vcxproj", "{F35A8F70-CF00-494C-8A09-768489CCE399}"
EndProject
Project("{8BC9CEB8-8B4A-11D0-8D11-00A0C91BC942}") = "prj16", "prj16\prj16.vcxproj", "{098F9195-9FB7-4374-84B1-E700EA9D04D2}"
EndProject
Global
	GlobalSection(SolutionConfigurationPlatforms) = preSolution
		Debug|x64 = Debug|x64
		Debug|x86 = Debug|x86
		Release|x64 = Release|x64
		Release|x86 = Release|x86
	EndGlobalSection
	GlobalSection(ProjectConfigurationPlatforms) = postSolution
		{A70F56BA-DAE9-4373-96C9-0E0F20E6D029}.Debug|x64.ActiveCfg = Debug|x64
		{A70F56BA-DAE9-4373-96C9-0E0F20E6D029}.Debug|x64.Build.0 = Debug|x64
		{A70F56BA-DAE9-4373-96C9-0E0F20E6D029}.Debug|x86.ActiveCfg = Debug|Win32
		{A70F56BA-DAE9-4373-96C9-0E0F20E6D029}.Debug|x86.Build.0 = Debug|Win32
		{A70F56BA-DAE9-4373-96C9-0E0F20E6D029}.Release|x64.ActiveCfg = Release|x64
		{A70F56BA-DAE9-4373-96C9-0E0F20E6D029}.Release|x64.Build.0 = Release|x64
		{A70F56BA-DAE9-4373-96C9-0E0F20E6D029}.Release|x86.ActiveCfg = Release|Win32
		{A70F56BA-DAE9-4373-96C9-0E0F20E6D029}.Release|x86.Build.0 = Release|Win32
		{67DDFCAE-7577-493C-9885-AAE06E22D688}.Debug|x64.ActiveCfg = Debug|x64
		{67DDFCAE-7577-493C-9885-AAE06E22D688}.Debug|x64.Build.0 = Debug|x64
		{67DDFCAE-7577-493C-9885-AAE06E22D688}.Debug|x86.ActiveCfg = Debug|Win32
		{67DDFCAE-7577-493C-9885-AAE06E22D688}.Debug|x86.Build.0 = Debug|Win32
		{67DDFCAE-7577-493C-9885-AAE06E22D688}.Release|x64.ActiveCfg = Release|x64
		{67DDFCAE-7577-493C-9885-AAE06E22D688}.Release|x64.Build.0 = Release|x64
		{67DDFCAE-7577-493C-9885-AAE06E22D688}.Release|x86.ActiveCfg = Release|Win32
		{67DDFCAE-7577-493C-9885-AAE06E22D688}.Release|x86.Build.0 = Release|Win32
		{F19EB8A2-4521-433A-BCBA-B448E2D18B09}.Debug|x64.ActiveCfg = Debug|x64
		{F19EB8A2-4521-433A-BCBA-B448E2D18B09}.Debug|x64.Build.0 = Debug|x64
		{F19EB8A2-4521-433A-BCBA-B448E2D18B09}.Debug|x86.ActiveCfg = Debug|Win32
		{F19EB8A2-4521-433A-BCBA-B448E2D18B09}.Debug|x86.Build.0 = Debug|Win32
		{F19EB8A2-4521-433A-BCBA-B448E2D18B09}.Release|x64.ActiveCfg = Release|x64
		{F19EB8A2-4521-433A-BCBA-B448E2D18B09}.Release|x64.Build.0 = Release|x64
		{F19EB8A2-4521-433A-BCBA-B448E2D18B09}.Release|x86.ActiveCfg = Release|Win32
		{F19EB8A2-4521-433A-BCBA-B448E2D18B09}.Release|x86.Build.0 = Release|Win32
		{DA21C0DA-A1E3-4BBD-BA13-0D55263B46B7}.Debug|x64.ActiveCfg = Debug|x64
		{DA21C0DA-A1E3-4BBD-BA13-0D55263B46B7}.Debug|x64.Build.0 = Debug|x64
		{DA21C0DA-A1E3-4BBD-BA13-0D55263B46B7}.Debug|x86.ActiveCfg = Debug|Win32
		{DA21C0DA-A1E3-4BBD-BA13-0D55263B46B7}.Debug|x86.Build.0 = Debug|Win32
		{DA21C0DA-A1E3-4BBD-BA13-0D55263B46B7}.Release|x64.ActiveCfg = Release|x64
		{DA21C0DA-A1E3-4BBD-BA13-0D55263B46B7}.Release|x64.Build.0 = Release|x64
		{DA21C0DA-A1E3-4BBD-BA13-0D55263B46B7}.Release|x86.ActiveCfg = Release|Win32
		{DA21C0DA-A1E3-4BBD-BA13-0D55263B46B7}.Release|x86.Build.0 = Release|Win32
		{9A881D4E-E909-4E1F-B60C-940335ADD155}.Debug|x64.ActiveCfg = Debug|x64
		{9A881D4E-E909-4E1F-B60C-940335ADD155}.Debug|x64.Build.0 = Debug|x64
		{9A881D4E-E909-4E1F-B60C-940335ADD155}.Debug|x86.ActiveCfg = Debug|Win32
		{9A881D4E-E909-4E1F-B60C-940335ADD155}.Debug|x86.Build.0 = Debug|Win32
		{9A881D4E-E909-4E1F-B60C-940335ADD155}.Release|x64.ActiveCfg = Release|x64
		{9A881D4E-E909-4E1F-B60C-940335ADD155}.Release|x64.Build.0 = Release|x64
		{9A881D4E-E909-4E1F-B60C-940335ADD155}.Release|x86.ActiveCfg = Release|Win32
		{9A881D4E-E909-4E1F-B60C-940335ADD155}.Release|x86.Build.0 = Release|Win32
		{367D8BA3-C21B-489E-BAEA-E46557D3ACD1}.Debug|x64.ActiveCfg = Debug|x64
		{367D8BA3-C21B-489E-BAEA-E46557D3ACD1}.Debug|x64.Build.0 = Debug|x64
		{367D8BA3-C21B-489E-BAEA-E46557D3ACD1}.Debug|x86.ActiveCfg = Debug|Win32
		{367D8BA3-C21B-489E-BAEA-E46557D3ACD1}.Debug|x86.Build.0 = Debug|Win32
		{367D8BA3-C21B-489E-BAEA-E46557D3ACD1}.Release|x64.ActiveCfg = Release|x64
		{367D8BA3-C21B-489E-BAEA-E46557D3ACD1}.Release|x64.Build.0 = Release|x64
		{367D8BA3-C21B-489E-BAEA-E46557D3ACD1}.Release|x86.ActiveCfg = Release|Win32
		{367D8BA3-C21B-489E-BAEA-E46557D3ACD1}.Release|x86.Build.0 = Release|Win32
		{4871CD95-E49E-4845-99E0-075FF8A8F834}.Debug|x64.ActiveCfg = Debug|x64
		{4871CD95-E49E-4845-99E0-075FF8A8F834}.Debug|x64.Build.0 = Debug|x64
		{4871CD95-E49E-4845-99E0-075FF8A8F834}.Debug|x86.ActiveCfg = Debug|Win32
		{4871CD95-E49E-4845-99E0-075FF8A8F834}.Debug|x86.Build.0 = Debug|Win32
		{4871CD95-E49E-4845-99E0-075FF8A8F834}.Release|x64.ActiveCfg = Release|x64
		{4871CD95-E49E-4845-99E0-075FF8A8F834}.Release|x64.Build.0 = Release|x64
		{4871CD95-E49E-4845-99E0-075FF8A8F834}.Release|x86.ActiveCfg = Release|Win32
		{4871CD95-E49E-4845-99E0-075FF8A8F834}.Release|x86.Build.0 = Release|Win32
		{04A26699-FE5C-4615-824D-9BA5F47123CB}.Debug|x64.ActiveCfg = Debug|x64
		{04A26699-FE5C-4615-824D-9BA5F47123CB}.Debug|x64.Build.0 = Debug|x64
		{04A26699-FE5C-4615-824D-9BA5F47123CB}.Debug|x86.ActiveCfg = Debug|Win32
		{04A26699-FE5C-4615-824D-9BA5F47123CB}.Debug|x86.Build.0 = Debug|Win32
		{04A26699-FE5C-4615-824D-9BA5F47123CB}.Release|x64.ActiveCfg = Release|x64
		{04A26699-FE5C-4615-824D-9BA5F47123CB}.Release|x64.Build.0 = Release|x64
		{04A26699-FE5C-4615-824D-9BA5F47123CB}.Release|x86.ActiveCfg = Release|Win32
		{04A26699-FE5C-4615-824D-9BA5F47123CB}.Release|x86.Build.0 = Release|Win32
		{572339F6-8BD3-46C6-B53B-771C69A6FC72}.Debug|x64.ActiveCfg = Debug|x64
		{572339F6-8BD3-46C6-B53B-771C69A6FC72}.Debug|x64.Build.0 = Debug|x64
		{572339F6-8BD3-46C6-B53B-771C69A6FC72}.Debug|x86.ActiveCfg = Debug|Win32
		{572339F6-8BD3-46C6-B53B-771C69A6FC72}.Debug|x86.Build.0 = Debug|Win32
		{572339F6-8BD3-46C6-B53B-771C69A6FC72}.Release|x64.ActiveCfg = Release|x64
		{572339F6-8BD3-46C6-B53B-771C69A6FC72}.Release|x64.Build.0 = Release|x64
		{572339F6-8BD3-46C6-B53B-771C69A6FC72}.Release|x86.ActiveCfg = Release|Win32
		{572339F6-8BD3-46C6-B53B-771C69A6FC72}.Release|x86.Build.0 = Release|Win32
		{CF2D1071-0175-4BE2-9DFD-FB4358D8AFBF}.Debug|x64.ActiveCfg = Debug|x64
		{CF2D1071-0175-4BE2-9DFD-FB4358D8AFBF}.Debug|x64.Build.0 = Debug|x64
		{CF2D1071-0175-4BE2-9DFD-FB4358D8AFBF}.Debug|x86.ActiveCfg = Debug|Win32
		{CF2D1071-0175-4BE2-9DFD-FB4358D8AFBF}.Debug|x86.Build.0 = Debug|Win32
		{CF2D1071-0175-4BE2-9DFD-FB4358D8AFBF}.Release|x64.ActiveCfg = Release|x64
		{CF2D1071-0175-4BE2-9DFD-FB4358D8AFBF}.Release|x64.Build.0 = Release|x64
		{CF2D1071-0175-4BE2-9DFD-FB4358D8AFBF}.Release|x86.ActiveCfg = Release|Win32
		{CF2D1071-0175-4BE2-9DFD-FB4358D8AFBF}.Release|x86.Build.0 = Release|Win32
		{1DA643EB-76AE-4910-B98C-9BEAEAD7891B}.Debug|x64.ActiveCfg = Debug|x64
		{1DA643EB-76AE-4910-B98C-9BEAEAD7891B}.Debug|x64.Build.0 = Debug|x64
		{1DA643EB-76AE-4910-B98C-9BEAEAD7891B}.Debug|x86.ActiveCfg = Debug|Win32
		{1DA643EB-76AE-4910-B98C-9BEAEAD7891B}.Debug|x86.Build.0 = Debug|Win32
		{1DA643EB-76AE-4910-B98C-9BEAEAD7891B}.Release|x64.ActiveCfg = Release|x64
		{1DA643EB-76AE-4910-B98C-9BEAEAD7891B}.Release|x64.Build.0 = Release|x64
		{1DA643EB-76AE-4910-B98C-9BEAEAD7891B}.Release|x86.ActiveCfg = Release|Win32
		{1DA643EB-76AE-4910-B98C-9BEAEAD7891B}.Release|x86.Build.0 = Release|Win32
		{95DDBDC2-625A-48E7-8AFE-18EDAA6774E9}.Debug|x64.ActiveCfg = Debug|x64
		{95DDBDC2-625A-48E7-8AFE-18EDAA6774E9}.Debug|x64.Build.0 = Debug|x64
		{95DDBDC2-625A-48E7-8AFE-18EDAA6774E9}.Debug|x86.ActiveCfg = Debug|Win32
		{95DDBDC2-625A-48E7-8AFE-18EDAA6774E9}.Debug|x86.Build.0 = Debug|Win32
		{95DDBDC2-625A-48E7-8AFE-18EDAA6774E9}.Release|x64.ActiveCfg = Release|x64
		{95DDBDC2-625A-48E7-8AFE-18EDAA6774E9}.Release|x64.Build.0 = Release|x64
		{95DDBDC2-625A-48E7-8AFE-18EDAA6774E9}.Release|x86.ActiveCfg = Release|Win32
		{95DDBDC2-625A-48E7-8AFE-18EDAA6774E9}.Release|x86.Build.0 = Release|Win32
		{59B9B352-3E29-4223-8762-6B9CFE10CA5E}.Debug|x64.ActiveCfg = Debug|x64
		{59B9B352-3E29-4223-8762-6B9CFE10CA5E}.Debug|x64.Build.0 = Debug|x64
		{59B9B352-3E29-4223-8762-6B9CFE10CA5E}.Debug|x86.ActiveCfg = Debug|Win32
		{59B9B352-3E29-4223-8762-6B9CFE10CA5E}.Debug|x86.Build.0 = Debug|Win32
		{59B9B352-3E29-4223-8762-6B9CFE10CA5E}.Release|x64.ActiveCfg = Release|x64
		{59B9B352-3E29-4223-8762-6B9CFE10CA5E}.Release|x64.Build.0 = Release|x64
		{59B9B352-3E29-4223-8762-6B9CFE10CA5E}.Release|x86.ActiveCfg = Release|Win32
		{59B9B352-3E29-4223-8762-6B9CFE10CA5E}.Release|x86.Build.0 = Release|Win32
		{EDA27807-A60F-4A72-AD31-EE527129F461}.Debug|x64.ActiveCfg = Debug|x64
		{EDA27807-A60F-4A72-AD31-EE527129F461}.Debug|x64.Build.0 = Debug|x64
		{EDA27807-A60F-4A72-AD31-EE527129F461}.Debug|x86.ActiveCfg = Debug|Win32
		{EDA27807-A60F-4A72-AD31-EE527129F461}.Debug|x86.Build.0 = Debug|Win32
		{EDA27807-A60F-4A72-AD31-EE527129F461}.Release|x64.ActiveCfg = Release|x64
		{EDA27807-A60F-4A72-AD31-EE527129F461}.Release|x64.Build.0 = Release|x64
		{EDA27807-A60F-4A72-AD31-EE527129F461}.Release|x86.ActiveCfg = Release|Win32
		{EDA27807-A60F-4A72-AD31-EE527129F461}.Release|x86.Build.0 = Release|Win32
		{F35A8F70-CF00-494C-8A09-768489CCE399}.Debug|x64.ActiveCfg = Debug|x64
		{F35A8F70-CF00-494C-8A09-768489CCE399}.Debug|x64.Build.0 = Debug|x64
		{F35A8F70-CF00-494C-8A09-768489CCE399}.Debug|x86.ActiveCfg = Debug|Win32
		{F35A8F70-CF00-494C-8A09-768489CCE399}.Debug|x86.Build.0 = Debug|Win32
		{F35A8F70-CF00-494C-8A09-768489CCE399}.Release|x64.ActiveCfg = Release|x64
		{F35A8F70-CF00-494C-8A09-768489CCE399}.Release|x64.Build.0 = Release|x64
		{F35A8F70-CF00-494C-8A09-768489CCE399}.Release|x86.ActiveCfg = Release|Win32
		{F35A8F70-CF00-494C-8A09-768489CCE399}.Release|x86.Build.0 = Release|Win32
		{098F9195-9FB7-4374-84B1-E700EA9D04D2}.Debug|x64.ActiveCfg = Debug|x64
		{098F9195-9FB7-4374-84B1-E700EA9D04D2}.Debug|x64.Build.0 = Debug|x64
		{098F9195-9FB7-4374-84B1-E700EA9D04D2}.Debug|x86.ActiveCfg = Debug|Win32
		{098F9195-9FB7-4374-84B1-E700EA9D04D2}.Debug|x86.Build.0 = Debug|Win32
		{098F9195-9FB7-4374-84B1-E700EA9D04D2}.Release|x64.ActiveCfg = Release|x64
		{098F9195-9FB7-4374-84B1-E700EA9D04D2}.Release|x64.Build.0 = Release|x64
		{098F9195-9FB7-4374-84B1-E700EA9D04D2}.Release|x86.ActiveCfg = Release|Win32
		{098F9195-9FB7-4374-84B1-E700EA9D04D2}.Release|x86.Build.0 = Release|Win32
	EndGlobalSection
	GlobalSection(SolutionProperties) = preSolution
		HideSolutionNode = FALSE
	EndGlobalSection
EndGlobal
