
Microsoft Visual Studio Solution File, Format Version 12.00
# Visual Studio 14
VisualStudioVersion = 14.0.25420.1
MinimumVisualStudioVersion = 10.0.40219.1
Project("{8BC9CEB8-8B4A-11D0-8D11-00A0C91BC942}") = "prj01", "prj01\prj01.vcxproj", "{3EB53A23-33BF-4CDA-92A8-47089E35EDD2}"
EndProject
Project("{8BC9CEB8-8B4A-11D0-8D11-00A0C91BC942}") = "prj02", "prj02\prj02.vcxproj", "{D4D93E08-E73C-4FA2-8160-D03D3A947AD1}"
EndProject
Project("{8BC9CEB8-8B4A-11D0-8D11-00A0C91BC942}") = "prj03", "prj03\prj03.vcxproj", "{C5098FA9-52A6-4687-9068-30E5CCCAF633}"
EndProject
Project("{8BC9CEB8-8B4A-11D0-8D11-00A0C91BC942}") = "prj04", "prj04\prj04.vcxproj", "{8007FBCC-386D-4E50-BCB9-46465930CB3D}"
EndProject
Project("{8BC9CEB8-8B4A-11D0-8D11-00A0C91BC942}") = "prj05", "prj05\prj05.vcxproj", "{0DF9CD65-E79A-4486-B83D-F2EDF0CA481A}"
EndProject
Project("{8BC9CEB8-8B4A-11D0-8D11-00A0C91BC942}") = "prj06", "prj06\prj06.vcxproj", "{91D0542F-9E50-424A-A4AD-8ACFB966730E}"
EndProject
Project("{8BC9CEB8-8B4A-11D0-8D11-00A0C91BC942}") = "prj07", "prj07\prj07.vcxproj", "{48426BFE-593E-425D-8BAF-AF0ECDD0F42D}"
EndProject
Project("{8BC9CEB8-8B4A-11D0-8D11-00A0C91BC942}") = "prj08", "prj08\prj08.vcxproj", "{D526D232-D3BA-460F-9C48-64DB2580EBC6}"
EndProject
Project("{8BC9CEB8-8B4A-11D0-8D11-00A0C91BC942}") = "prj09", "prj09\prj09.vcxproj", "{80AB7C50-314A-456C-A01F-C7F940DBC6B3}"
EndProject
Project("{8BC9CEB8-8B4A-11D0-8D11-00A0C91BC942}") = "prj10", "prj10\prj10.vcxproj", "{1C5DEF1B-3B38-49DA-899D-141534D9D9F5}"
EndProject
Project("{8BC9CEB8-8B4A-11D0-8D11-00A0C91BC942}") = "prj11", "prj11\prj11.vcxproj", "{621EA2BD-4753-4E52-84C3-BFB9BBB727EA}"
EndProject
Project("{8BC9CEB8-8B4A-11D0-8D11-00A0C91BC942}") = "prj12", "prj12\prj12.vcxproj", "{C6890790-AA05-438D-8D0B-51880D3A0BF6}"
EndProject
Project("{8BC9CEB8-8B4A-11D0-8D11-00A0C91BC942}") = "prj13", "prj13\prj13.vcxproj", "{FF28C215-0D66-46B3-B699-BF9868059ADB}"
EndProject
Project("{8BC9CEB8-8B4A-11D0-8D11-00A0C91BC942}") = "prj14", "prj14\prj14.vcxproj", "{36C8AB56-E63F-486A-879C-9ACF5116D538}"
EndProject
Global
	GlobalSection(SolutionConfigurationPlatforms) = preSolution
		Debug|x64 = Debug|x64
		Debug|x86 = Debug|x86
		Release|x64 = Release|x64
		Release|x86 = Release|x86
	EndGlobalSection
	GlobalSection(ProjectConfigurationPlatforms) = postSolution
		{3EB53A23-33BF-4CDA-92A8-47089E35EDD2}.Debug|x64.ActiveCfg = Debug|x64
		{3EB53A23-33BF-4CDA-92A8-47089E35EDD2}.Debug|x64.Build.0 = Debug|x64
		{3EB53A23-33BF-4CDA-92A8-47089E35EDD2}.Debug|x86.ActiveCfg = Debug|Win32
		{3EB53A23-33BF-4CDA-92A8-47089E35EDD2}.Debug|x86.Build.0 = Debug|Win32
		{3EB53A23-33BF-4CDA-92A8-47089E35EDD2}.Release|x64.ActiveCfg = Release|x64
		{3EB53A23-33BF-4CDA-92A8-47089E35EDD2}.Release|x64.Build.0 = Release|x64
		{3EB53A23-33BF-4CDA-92A8-47089E35EDD2}.Release|x86.ActiveCfg = Release|Win32
		{3EB53A23-33BF-4CDA-92A8-47089E35EDD2}.Release|x86.Build.0 = Release|Win32
		{D4D93E08-E73C-4FA2-8160-D03D3A947AD1}.Debug|x64.ActiveCfg = Debug|x64
		{D4D93E08-E73C-4FA2-8160-D03D3A947AD1}.Debug|x64.Build.0 = Debug|x64
		{D4D93E08-E73C-4FA2-8160-D03D3A947AD1}.Debug|x86.ActiveCfg = Debug|Win32
		{D4D93E08-E73C-4FA2-8160-D03D3A947AD1}.Debug|x86.Build.0 = Debug|Win32
		{D4D93E08-E73C-4FA2-8160-D03D3A947AD1}.Release|x64.ActiveCfg = Release|x64
		{D4D93E08-E73C-4FA2-8160-D03D3A947AD1}.Release|x64.Build.0 = Release|x64
		{D4D93E08-E73C-4FA2-8160-D03D3A947AD1}.Release|x86.ActiveCfg = Release|Win32
		{D4D93E08-E73C-4FA2-8160-D03D3A947AD1}.Release|x86.Build.0 = Release|Win32
		{C5098FA9-52A6-4687-9068-30E5CCCAF633}.Debug|x64.ActiveCfg = Debug|x64
		{C5098FA9-52A6-4687-9068-30E5CCCAF633}.Debug|x64.Build.0 = Debug|x64
		{C5098FA9-52A6-4687-9068-30E5CCCAF633}.Debug|x86.ActiveCfg = Debug|Win32
		{C5098FA9-52A6-4687-9068-30E5CCCAF633}.Debug|x86.Build.0 = Debug|Win32
		{C5098FA9-52A6-4687-9068-30E5CCCAF633}.Release|x64.ActiveCfg = Release|x64
		{C5098FA9-52A6-4687-9068-30E5CCCAF633}.Release|x64.Build.0 = Release|x64
		{C5098FA9-52A6-4687-9068-30E5CCCAF633}.Release|x86.ActiveCfg = Release|Win32
		{C5098FA9-52A6-4687-9068-30E5CCCAF633}.Release|x86.Build.0 = Release|Win32
		{8007FBCC-386D-4E50-BCB9-46465930CB3D}.Debug|x64.ActiveCfg = Debug|x64
		{8007FBCC-386D-4E50-BCB9-46465930CB3D}.Debug|x64.Build.0 = Debug|x64
		{8007FBCC-386D-4E50-BCB9-46465930CB3D}.Debug|x86.ActiveCfg = Debug|Win32
		{8007FBCC-386D-4E50-BCB9-46465930CB3D}.Debug|x86.Build.0 = Debug|Win32
		{8007FBCC-386D-4E50-BCB9-46465930CB3D}.Release|x64.ActiveCfg = Release|x64
		{8007FBCC-386D-4E50-BCB9-46465930CB3D}.Release|x64.Build.0 = Release|x64
		{8007FBCC-386D-4E50-BCB9-46465930CB3D}.Release|x86.ActiveCfg = Release|Win32
		{8007FBCC-386D-4E50-BCB9-46465930CB3D}.Release|x86.Build.0 = Release|Win32
		{0DF9CD65-E79A-4486-B83D-F2EDF0CA481A}.Debug|x64.ActiveCfg = Debug|x64
		{0DF9CD65-E79A-4486-B83D-F2EDF0CA481A}.Debug|x64.Build.0 = Debug|x64
		{0DF9CD65-E79A-4486-B83D-F2EDF0CA481A}.Debug|x86.ActiveCfg = Debug|Win32
		{0DF9CD65-E79A-4486-B83D-F2EDF0CA481A}.Debug|x86.Build.0 = Debug|Win32
		{0DF9CD65-E79A-4486-B83D-F2EDF0CA481A}.Release|x64.ActiveCfg = Release|x64
		{0DF9CD65-E79A-4486-B83D-F2EDF0CA481A}.Release|x64.Build.0 = Release|x64
		{0DF9CD65-E79A-4486-B83D-F2EDF0CA481A}.Release|x86.ActiveCfg = Release|Win32
		{0DF9CD65-E79A-4486-B83D-F2EDF0CA481A}.Release|x86.Build.0 = Release|Win32
		{91D0542F-9E50-424A-A4AD-8ACFB966730E}.Debug|x64.ActiveCfg = Debug|x64
		{91D0542F-9E50-424A-A4AD-8ACFB966730E}.Debug|x64.Build.0 = Debug|x64
		{91D0542F-9E50-424A-A4AD-8ACFB966730E}.Debug|x86.ActiveCfg = Debug|Win32
		{91D0542F-9E50-424A-A4AD-8ACFB966730E}.Debug|x86.Build.0 = Debug|Win32
		{91D0542F-9E50-424A-A4AD-8ACFB966730E}.Release|x64.ActiveCfg = Release|x64
		{91D0542F-9E50-424A-A4AD-8ACFB966730E}.Release|x64.Build.0 = Release|x64
		{91D0542F-9E50-424A-A4AD-8ACFB966730E}.Release|x86.ActiveCfg = Release|Win32
		{91D0542F-9E50-424A-A4AD-8ACFB966730E}.Release|x86.Build.0 = Release|Win32
		{48426BFE-593E-425D-8BAF-AF0ECDD0F42D}.Debug|x64.ActiveCfg = Debug|x64
		{48426BFE-593E-425D-8BAF-AF0ECDD0F42D}.Debug|x64.Build.0 = Debug|x64
		{48426BFE-593E-425D-8BAF-AF0ECDD0F42D}.Debug|x86.ActiveCfg = Debug|Win32
		{48426BFE-593E-425D-8BAF-AF0ECDD0F42D}.Debug|x86.Build.0 = Debug|Win32
		{48426BFE-593E-425D-8BAF-AF0ECDD0F42D}.Release|x64.ActiveCfg = Release|x64
		{48426BFE-593E-425D-8BAF-AF0ECDD0F42D}.Release|x64.Build.0 = Release|x64
		{48426BFE-593E-425D-8BAF-AF0ECDD0F42D}.Release|x86.ActiveCfg = Release|Win32
		{48426BFE-593E-425D-8BAF-AF0ECDD0F42D}.Release|x86.Build.0 = Release|Win32
		{D526D232-D3BA-460F-9C48-64DB2580EBC6}.Debug|x64.ActiveCfg = Debug|x64
		{D526D232-D3BA-460F-9C48-64DB2580EBC6}.Debug|x64.Build.0 = Debug|x64
		{D526D232-D3BA-460F-9C48-64DB2580EBC6}.Debug|x86.ActiveCfg = Debug|Win32
		{D526D232-D3BA-460F-9C48-64DB2580EBC6}.Debug|x86.Build.0 = Debug|Win32
		{D526D232-D3BA-460F-9C48-64DB2580EBC6}.Release|x64.ActiveCfg = Release|x64
		{D526D232-D3BA-460F-9C48-64DB2580EBC6}.Release|x64.Build.0 = Release|x64
		{D526D232-D3BA-460F-9C48-64DB2580EBC6}.Release|x86.ActiveCfg = Release|Win32
		{D526D232-D3BA-460F-9C48-64DB2580EBC6}.Release|x86.Build.0 = Release|Win32
		{80AB7C50-314A-456C-A01F-C7F940DBC6B3}.Debug|x64.ActiveCfg = Debug|x64
		{80AB7C50-314A-456C-A01F-C7F940DBC6B3}.Debug|x64.Build.0 = Debug|x64
		{80AB7C50-314A-456C-A01F-C7F940DBC6B3}.Debug|x86.ActiveCfg = Debug|Win32
		{80AB7C50-314A-456C-A01F-C7F940DBC6B3}.Debug|x86.Build.0 = Debug|Win32
		{80AB7C50-314A-456C-A01F-C7F940DBC6B3}.Release|x64.ActiveCfg = Release|x64
		{80AB7C50-314A-456C-A01F-C7F940DBC6B3}.Release|x64.Build.0 = Release|x64
		{80AB7C50-314A-456C-A01F-C7F940DBC6B3}.Release|x86.ActiveCfg = Release|Win32
		{80AB7C50-314A-456C-A01F-C7F940DBC6B3}.Release|x86.Build.0 = Release|Win32
		{1C5DEF1B-3B38-49DA-899D-141534D9D9F5}.Debug|x64.ActiveCfg = Debug|x64
		{1C5DEF1B-3B38-49DA-899D-141534D9D9F5}.Debug|x64.Build.0 = Debug|x64
		{1C5DEF1B-3B38-49DA-899D-141534D9D9F5}.Debug|x86.ActiveCfg = Debug|Win32
		{1C5DEF1B-3B38-49DA-899D-141534D9D9F5}.Debug|x86.Build.0 = Debug|Win32
		{1C5DEF1B-3B38-49DA-899D-141534D9D9F5}.Release|x64.ActiveCfg = Release|x64
		{1C5DEF1B-3B38-49DA-899D-141534D9D9F5}.Release|x64.Build.0 = Release|x64
		{1C5DEF1B-3B38-49DA-899D-141534D9D9F5}.Release|x86.ActiveCfg = Release|Win32
		{1C5DEF1B-3B38-49DA-899D-141534D9D9F5}.Release|x86.Build.0 = Release|Win32
		{621EA2BD-4753-4E52-84C3-BFB9BBB727EA}.Debug|x64.ActiveCfg = Debug|x64
		{621EA2BD-4753-4E52-84C3-BFB9BBB727EA}.Debug|x64.Build.0 = Debug|x64
		{621EA2BD-4753-4E52-84C3-BFB9BBB727EA}.Debug|x86.ActiveCfg = Debug|Win32
		{621EA2BD-4753-4E52-84C3-BFB9BBB727EA}.Debug|x86.Build.0 = Debug|Win32
		{621EA2BD-4753-4E52-84C3-BFB9BBB727EA}.Release|x64.ActiveCfg = Release|x64
		{621EA2BD-4753-4E52-84C3-BFB9BBB727EA}.Release|x64.Build.0 = Release|x64
		{621EA2BD-4753-4E52-84C3-BFB9BBB727EA}.Release|x86.ActiveCfg = Release|Win32
		{621EA2BD-4753-4E52-84C3-BFB9BBB727EA}.Release|x86.Build.0 = Release|Win32
		{C6890790-AA05-438D-8D0B-51880D3A0BF6}.Debug|x64.ActiveCfg = Debug|x64
		{C6890790-AA05-438D-8D0B-51880D3A0BF6}.Debug|x64.Build.0 = Debug|x64
		{C6890790-AA05-438D-8D0B-51880D3A0BF6}.Debug|x86.ActiveCfg = Debug|Win32
		{C6890790-AA05-438D-8D0B-51880D3A0BF6}.Debug|x86.Build.0 = Debug|Win32
		{C6890790-AA05-438D-8D0B-51880D3A0BF6}.Release|x64.ActiveCfg = Release|x64
		{C6890790-AA05-438D-8D0B-51880D3A0BF6}.Release|x64.Build.0 = Release|x64
		{C6890790-AA05-438D-8D0B-51880D3A0BF6}.Release|x86.ActiveCfg = Release|Win32
		{C6890790-AA05-438D-8D0B-51880D3A0BF6}.Release|x86.Build.0 = Release|Win32
		{FF28C215-0D66-46B3-B699-BF9868059ADB}.Debug|x64.ActiveCfg = Debug|x64
		{FF28C215-0D66-46B3-B699-BF9868059ADB}.Debug|x64.Build.0 = Debug|x64
		{FF28C215-0D66-46B3-B699-BF9868059ADB}.Debug|x86.ActiveCfg = Debug|Win32
		{FF28C215-0D66-46B3-B699-BF9868059ADB}.Debug|x86.Build.0 = Debug|Win32
		{FF28C215-0D66-46B3-B699-BF9868059ADB}.Release|x64.ActiveCfg = Release|x64
		{FF28C215-0D66-46B3-B699-BF9868059ADB}.Release|x64.Build.0 = Release|x64
		{FF28C215-0D66-46B3-B699-BF9868059ADB}.Release|x86.ActiveCfg = Release|Win32
		{FF28C215-0D66-46B3-B699-BF9868059ADB}.Release|x86.Build.0 = Release|Win32
		{36C8AB56-E63F-486A-879C-9ACF5116D538}.Debug|x64.ActiveCfg = Debug|x64
		{36C8AB56-E63F-486A-879C-9ACF5116D538}.Debug|x64.Build.0 = Debug|x64
		{36C8AB56-E63F-486A-879C-9ACF5116D538}.Debug|x86.ActiveCfg = Debug|Win32
		{36C8AB56-E63F-486A-879C-9ACF5116D538}.Debug|x86.Build.0 = Debug|Win32
		{36C8AB56-E63F-486A-879C-9ACF5116D538}.Release|x64.ActiveCfg = Release|x64
		{36C8AB56-E63F-486A-879C-9ACF5116D538}.Release|x64.Build.0 = Release|x64
		{36C8AB56-E63F-486A-879C-9ACF5116D538}.Release|x86.ActiveCfg = Release|Win32
		{36C8AB56-E63F-486A-879C-9ACF5116D538}.Release|x86.Build.0 = Release|Win32
	EndGlobalSection
	GlobalSection(SolutionProperties) = preSolution
		HideSolutionNode = FALSE
	EndGlobalSection
EndGlobal
